{"1.2.0",
[{<<"base16">>,{pkg,<<"base16">>,<<"2.0.1">>},0},
 {<<"eini">>,{pkg,<<"eini">>,<<"1.2.9">>},0},
 {<<"jsx">>,{pkg,<<"jsx">>,<<"2.11.0">>},0},
 {<<"lhttpc">>,{pkg,<<"lhttpc">>,<<"1.7.1">>},0}]}.
[
{pkg_hash,[
 {<<"base16">>, <<"F0549F732E03BE8124ED0D19FD5EE52146CC8BE24C48CBC3F23AB44B157F11A2">>},
 {<<"eini">>, <<"FCC3CBD49BBDD9A1D9735C7365DAFFCD84481CCE81E6CB80537883AA44AC4895">>},
 {<<"jsx">>, <<"08154624050333919B4AC1B789667D5F4DB166DC50E190C4D778D1587F102EE0">>},
 {<<"lhttpc">>, <<"8522AF9877765C33318A3AE486BE69BC165E835D05C3334A8166FD7B318D446B">>}]},
{pkg_hash_ext,[
 {<<"base16">>, <<"06EA2D48343282E712160BA89F692B471DB8B36ABE8394F3445FF9032251D772">>},
 {<<"eini">>, <<"DA64AE8DB7C2F502E6F20CDF44CD3D9BE364412B87FF49FEBF282540F673DFCB">>},
 {<<"jsx">>, <<"EED26A0D04D217F9EECEFFFB89714452556CF90EB38F290A27A4D45B9988F8C0">>},
 {<<"lhttpc">>, <<"154EEB27692482B52BE86406DCD1D18A2405CAFCE0E8DAA4A1A7BFA7FE295896">>}]}
].
