{"1.1.0",
[{<<"eini">>,{pkg,<<"eini">>,<<"1.2.3">>},0},
 {<<"jsx">>,{pkg,<<"jsx">>,<<"2.8.0">>},0},
 {<<"lhttpc">>,{pkg,<<"lhttpc">>,<<"1.4.0">>},0}]}.
[
{pkg_hash,[
 {<<"eini">>, <<"16207B92A12A3961AA350992FEE2264B38CD2BCE47E98645190AAC47E553FB89">>},
 {<<"jsx">>, <<"749BEC6D205C694AE1786D62CEA6CC45A390437E24835FD16D12D74F07097727">>},
 {<<"lhttpc">>, <<"61760AFEC1DDB98E47972BE93B13FBFF487A63D65B91A02C41122A0ADF83DA38">>}]}
].
